// !$*UTF8*$!
{
	archiveVersion = 1;
	classes = {
	};
	objectVersion = 46;
	objects = {

/* Begin PBXBuildFile section */
		68FE616D1DED4E2300E0E6DD /* AppDelegate.swift in Sources */ = {isa = PBXBuildFile; fileRef = 68FE616C1DED4E2300E0E6DD /* AppDelegate.swift */; };
		68FE616F1DED4E2300E0E6DD /* ViewController.swift in Sources */ = {isa = PBXBuildFile; fileRef = 68FE616E1DED4E2300E0E6DD /* ViewController.swift */; };
		68FE61721DED4E2300E0E6DD /* Main.storyboard in Resources */ = {isa = PBXBuildFile; fileRef = 68FE61701DED4E2300E0E6DD /* Main.storyboard */; };
		68FE61741DED4E2300E0E6DD /* Assets.xcassets in Resources */ = {isa = PBXBuildFile; fileRef = 68FE61731DED4E2300E0E6DD /* Assets.xcassets */; };
		68FE61771DED4E2300E0E6DD /* LaunchScreen.storyboard in Resources */ = {isa = PBXBuildFile; fileRef = 68FE61751DED4E2300E0E6DD /* LaunchScreen.storyboard */; };
/* End PBXBuildFile section */

/* Begin PBXFileReference section */
		68FE61691DED4E2200E0E6DD /* bitcoin.app */ = {isa = PBXFileReference; explicitFileType = wrapper.application; includeInIndex = 0; path = bitcoin.app; sourceTree = BUILT_PRODUCTS_DIR; };
		68FE616C1DED4E2300E0E6DD /* AppDelegate.swift */ = {isa = PBXFileReference; lastKnownFileType = sourcecode.swift; path = AppDelegate.swift; sourceTree = "<group>"; };
		68FE616E1DED4E2300E0E6DD /* ViewController.swift */ = {isa = PBXFileReference; lastKnownFileType = sourcecode.swift; path = ViewController.swift; sourceTree = "<group>"; };
		68FE61711DED4E2300E0E6DD /* Base */ = {isa = PBXFileReference; lastKnownFileType = file.storyboard; name = Base; path = Base.lproj/Main.storyboard; sourceTree = "<group>"; };
		68FE61731DED4E2300E0E6DD /* Assets.xcassets */ = {isa = PBXFileReference; lastKnownFileType = folder.assetcatalog; path = Assets.xcassets; sourceTree = "<group>"; };
		68FE61761DED4E2300E0E6DD /* Base */ = {isa = PBXFileReference; lastKnownFileType = file.storyboard; name = Base; path = Base.lproj/LaunchScreen.storyboard; sourceTree = "<group>"; };
		68FE61781DED4E2300E0E6DD /* Info.plist */ = {isa = PBXFileReference; lastKnownFileType = text.plist.xml; path = Info.plist; sourceTree = "<group>"; };
/* End PBXFileReference section */

/* Begin PBXFrameworksBuildPhase section */
		68FE61661DED4E2200E0E6DD /* Frameworks */ = {
			isa = PBXFrameworksBuildPhase;
			buildActionMask = 2147483647;
			files = (
			);
			runOnlyForDeploymentPostprocessing = 0;
		};
/* End PBXFrameworksBuildPhase section */

/* Begin PBXGroup section */
		68FE61601DED4E2200E0E6DD = {
			isa = PBXGroup;
			children = (
				68FE616B1DED4E2200E0E6DD /* bitcoin */,
				68FE616A1DED4E2200E0E6DD /* Products */,
			);
			sourceTree = "<group>";
		};
		68FE616A1DED4E2200E0E6DD /* Products */ = {
			isa = PBXGroup;
			children = (
				68FE61691DED4E2200E0E6DD /* bitcoin.app */,
			);
			name = Products;
			sourceTree = "<group>";
		};
		68FE616B1DED4E2200E0E6DD /* bitcoin */ = {
			isa = PBXGroup;
			children = (
				68FE616C1DED4E2300E0E6DD /* AppDelegate.swift */,
				68FE616E1DED4E2300E0E6DD /* ViewController.swift */,
				68FE61701DED4E2300E0E6DD /* Main.storyboard */,
				68FE61731DED4E2300E0E6DD /* Assets.xcassets */,
				68FE61751DED4E2300E0E6DD /* LaunchScreen.storyboard */,
				68FE61781DED4E2300E0E6DD /* Info.plist */,
			);
			path = bitcoin;
			sourceTree = "<group>";
		};
/* End PBXGroup section */

/* Begin PBXNativeTarget section */
		68FE61681DED4E2200E0E6DD /* bitcoin */ = {
			isa = PBXNativeTarget;
			buildConfigurationList = 68FE617B1DED4E2300E0E6DD /* Build configuration list for PBXNativeTarget "bitcoin" */;
			buildPhases = (
				68FE61651DED4E2200E0E6DD /* Sources */,
				68FE61661DED4E2200E0E6DD /* Frameworks */,
				68FE61671DED4E2200E0E6DD /* Resources */,
			);
			buildRules = (
			);
			dependencies = (
			);
			name = bitcoin;
			productName = bitcoin;
			productReference = 68FE61691DED4E2200E0E6DD /* bitcoin.app */;
			productType = "com.apple.product-type.application";
		};
/* End PBXNativeTarget section */

/* Begin PBXProject section */
		68FE61611DED4E2200E0E6DD /* Project object */ = {
			isa = PBXProject;
			attributes = {
				LastSwiftUpdateCheck = 0810;
				LastUpgradeCheck = 0810;
				ORGANIZATIONNAME = "Joel Klabo";
				TargetAttributes = {
					68FE61681DED4E2200E0E6DD = {
						CreatedOnToolsVersion = 8.1;
						DevelopmentTeam = 8X78R6JQ6Y;
						ProvisioningStyle = Automatic;
					};
				};
			};
			buildConfigurationList = 68FE61641DED4E2200E0E6DD /* Build configuration list for PBXProject "bitcoin" */;
			compatibilityVersion = "Xcode 3.2";
			developmentRegion = English;
			hasScannedForEncodings = 0;
			knownRegions = (
				en,
				Base,
			);
			mainGroup = 68FE61601DED4E2200E0E6DD;
			productRefGroup = 68FE616A1DED4E2200E0E6DD /* Products */;
			projectDirPath = "";
			projectRoot = "";
			targets = (
				68FE61681DED4E2200E0E6DD /* bitcoin */,
			);
		};
/* End PBXProject section */

/* Begin PBXResourcesBuildPhase section */
		68FE61671DED4E2200E0E6DD /* Resources */ = {
			isa = PBXResourcesBuildPhase;
			buildActionMask = 2147483647;
			files = (
				68FE61771DED4E2300E0E6DD /* LaunchScreen.storyboard in Resources */,
				68FE61741DED4E2300E0E6DD /* Assets.xcassets in Resources */,
				68FE61721DED4E2300E0E6DD /* Main.storyboard in Resources */,
			);
			runOnlyForDeploymentPostprocessing = 0;
		};
/* End PBXResourcesBuildPhase section */

/* Begin PBXSourcesBuildPhase section */
		68FE61651DED4E2200E0E6DD /* Sources */ = {
			isa = PBXSourcesBuildPhase;
			buildActionMask = 2147483647;
			files = (
				68FE616F1DED4E2300E0E6DD /* ViewController.swift in Sources */,
				68FE616D1DED4E2300E0E6DD /* AppDelegate.swift in Sources */,
			);
			runOnlyForDeploymentPostprocessing = 0;
		};
/* End PBXSourcesBuildPhase section */

/* Begin PBXVariantGroup section */
		68FE61701DED4E2300E0E6DD /* Main.storyboard */ = {
			isa = PBXVariantGroup;
			children = (
				68FE61711DED4E2300E0E6DD /* Base */,
			);
			name = Main.storyboard;
			sourceTree = "<group>";
		};
		68FE61751DED4E2300E0E6DD /* LaunchScreen.storyboard */ = {
			isa = PBXVariantGroup;
			children = (
				68FE61761DED4E2300E0E6DD /* Base */,
			);
			name = LaunchScreen.storyboard;
			sourceTree = "<group>";
		};
/* End PBXVariantGroup section */

/* Begin XCBuildConfiguration section */
		68FE61791DED4E2300E0E6DD /* Debug */ = {
			isa = XCBuildConfiguration;
			buildSettings = {
				ALWAYS_SEARCH_USER_PATHS = NO;
				CLANG_ANALYZER_NONNULL = YES;
				CLANG_CXX_LANGUAGE_STANDARD = "gnu++0x";
				CLANG_CXX_LIBRARY = "libc++";
				CLANG_ENABLE_MODULES = YES;
				CLANG_ENABLE_OBJC_ARC = YES;
				CLANG_WARN_BOOL_CONVERSION = YES;
				CLANG_WARN_CONSTANT_CONVERSION = YES;
				CLANG_WARN_DIRECT_OBJC_ISA_USAGE = YES_ERROR;
				CLANG_WARN_DOCUMENTATION_COMMENTS = YES;
				CLANG_WARN_EMPTY_BODY = YES;
				CLANG_WARN_ENUM_CONVERSION = YES;
				CLANG_WARN_INFINITE_RECURSION = YES;
				CLANG_WARN_INT_CONVERSION = YES;
				CLANG_WARN_OBJC_ROOT_CLASS = YES_ERROR;
				CLANG_WARN_SUSPICIOUS_MOVES = YES;
				CLANG_WARN_UNREACHABLE_CODE = YES;
				CLANG_WARN__DUPLICATE_METHOD_MATCH = YES;
				"CODE_SIGN_IDENTITY[sdk=iphoneos*]" = "iPhone Developer";
				COPY_PHASE_STRIP = NO;
				DEBUG_INFORMATION_FORMAT = dwarf;
				ENABLE_STRICT_OBJC_MSGSEND = YES;
				ENABLE_TESTABILITY = YES;
				GCC_C_LANGUAGE_STANDARD = gnu99;
				GCC_DYNAMIC_NO_PIC = NO;
				GCC_NO_COMMON_BLOCKS = YES;
				GCC_OPTIMIZATION_LEVEL = 0;
				GCC_PREPROCESSOR_DEFINITIONS = (
					"DEBUG=1",
					"$(inherited)",
				);
				GCC_WARN_64_TO_32_BIT_CONVERSION = YES;
				GCC_WARN_ABOUT_RETURN_TYPE = YES_ERROR;
				GCC_WARN_UNDECLARED_SELECTOR = YES;
				GCC_WARN_UNINITIALIZED_AUTOS = YES_AGGRESSIVE;
				GCC_WARN_UNUSED_FUNCTION = YES;
				GCC_WARN_UNUSED_VARIABLE = YES;
				IPHONEOS_DEPLOYMENT_TARGET = 10.1;
				MTL_ENABLE_DEBUG_INFO = YES;
				ONLY_ACTIVE_ARCH = YES;
				SDKROOT = iphoneos;
				SWIFT_ACTIVE_COMPILATION_CONDITIONS = DEBUG;
				SWIFT_OPTIMIZATION_LEVEL = "-Onone";
				TARGETED_DEVICE_FAMILY = "1,2";
			};
			name = Debug;
		};
		68FE617A1DED4E2300E0E6DD /* Release */ = {
			isa = XCBuildConfiguration;
			buildSettings = {
				ALWAYS_SEARCH_USER_PATHS = NO;
				CLANG_ANALYZER_NONNULL = YES;
				CLANG_CXX_LANGUAGE_STANDARD = "gnu++0x";
				CLANG_CXX_LIBRARY = "libc++";
				CLANG_ENABLE_MODULES = YES;
				CLANG_ENABLE_OBJC_ARC = YES;
				CLANG_WARN_BOOL_CONVERSION = YES;
				CLANG_WARN_CONSTANT_CONVERSION = YES;
				CLANG_WARN_DIRECT_OBJC_ISA_USAGE = YES_ERROR;
				CLANG_WARN_DOCUMENTATION_COMMENTS = YES;
				CLANG_WARN_EMPTY_BODY = YES;
				CLANG_WARN_ENUM_CONVERSION = YES;
				CLANG_WARN_INFINITE_RECURSION = YES;
				CLANG_WARN_INT_CONVERSION = YES;
				CLANG_WARN_OBJC_ROOT_CLASS = YES_ERROR;
				CLANG_WARN_SUSPICIOUS_MOVES = YES;
				CLANG_WARN_UNREACHABLE_CODE = YES;
				CLANG_WARN__DUPLICATE_METHOD_MATCH = YES;
				"CODE_SIGN_IDENTITY[sdk=iphoneos*]" = "iPhone Developer";
				COPY_PHASE_STRIP = NO;
				DEBUG_INFORMATION_FORMAT = "dwarf-with-dsym";
				ENABLE_NS_ASSERTIONS = NO;
				ENABLE_STRICT_OBJC_MSGSEND = YES;
				GCC_C_LANGUAGE_STANDARD = gnu99;
				GCC_NO_COMMON_BLOCKS = YES;
				GCC_WARN_64_TO_32_BIT_CONVERSION = YES;
				GCC_WARN_ABOUT_RETURN_TYPE = YES_ERROR;
				GCC_WARN_UNDECLARED_SELECTOR = YES;
				GCC_WARN_UNINITIALIZED_AUTOS = YES_AGGRESSIVE;
				GCC_WARN_UNUSED_FUNCTION = YES;
				GCC_WARN_UNUSED_VARIABLE = YES;
				IPHONEOS_DEPLOYMENT_TARGET = 10.1;
				MTL_ENABLE_DEBUG_INFO = NO;
				SDKROOT = iphoneos;
				SWIFT_OPTIMIZATION_LEVEL = "-Owholemodule";
				TARGETED_DEVICE_FAMILY = "1,2";
				VALIDATE_PRODUCT = YES;
			};
			name = Release;
		};
		68FE617C1DED4E2300E0E6DD /* Debug */ = {
			isa = XCBuildConfiguration;
			buildSettings = {
				ASSETCATALOG_COMPILER_APPICON_NAME = AppIcon;
				DEVELOPMENT_TEAM = 8X78R6JQ6Y;
				INFOPLIST_FILE = bitcoin/Info.plist;
				LD_RUNPATH_SEARCH_PATHS = "$(inherited) @executable_path/Frameworks";
				PRODUCT_BUNDLE_IDENTIFIER = com.joelklabo.bitcoin;
				PRODUCT_NAME = "$(TARGET_NAME)";
				SWIFT_VERSION = 3.0;
			};
			name = Debug;
		};
		68FE617D1DED4E2300E0E6DD /* Release */ = {
			isa = XCBuildConfiguration;
			buildSettings = {
				ASSETCATALOG_COMPILER_APPICON_NAME = AppIcon;
				DEVELOPMENT_TEAM = 8X78R6JQ6Y;
				INFOPLIST_FILE = bitcoin/Info.plist;
				LD_RUNPATH_SEARCH_PATHS = "$(inherited) @executable_path/Frameworks";
				PRODUCT_BUNDLE_IDENTIFIER = com.joelklabo.bitcoin;
				PRODUCT_NAME = "$(TARGET_NAME)";
				SWIFT_VERSION = 3.0;
			};
			name = Release;
		};
/* End XCBuildConfiguration section */

/* Begin XCConfigurationList section */
		68FE61641DED4E2200E0E6DD /* Build configuration list for PBXProject "bitcoin" */ = {
			isa = XCConfigurationList;
			buildConfigurations = (
				68FE61791DED4E2300E0E6DD /* Debug */,
				68FE617A1DED4E2300E0E6DD /* Release */,
			);
			defaultConfigurationIsVisible = 0;
			defaultConfigurationName = Release;
		};
		68FE617B1DED4E2300E0E6DD /* Build configuration list for PBXNativeTarget "bitcoin" */ = {
			isa = XCConfigurationList;
			buildConfigurations = (
				68FE617C1DED4E2300E0E6DD /* Debug */,
				68FE617D1DED4E2300E0E6DD /* Release */,
			);
			defaultConfigurationIsVisible = 0;
		};
/* End XCConfigurationList section */
	};
	rootObject = 68FE61611DED4E2200E0E6DD /* Project object */;
}
