// !$*UTF8*$!
{
	archiveVersion = 1;
	classes = {
	};
	objectVersion = 46;
	objects = {

/* Begin PBXBuildFile section */
		6870F54F1DEF86A40095C34D /* CoinbaseClient.swift in Sources */ = {isa = PBXBuildFile; fileRef = 6870F54E1DEF86A40095C34D /* CoinbaseClient.swift */; };
		6870F5511DEFA5EE0095C34D /* PriceSourceTableViewController.swift in Sources */ = {isa = PBXBuildFile; fileRef = 6870F5501DEFA5EE0095C34D /* PriceSourceTableViewController.swift */; };
		687AA2651DF2651700B21740 /* Chart.swift in Sources */ = {isa = PBXBuildFile; fileRef = 687AA2641DF2651700B21740 /* Chart.swift */; };
		687AA2671DF2663B00B21740 /* ChartClient.swift in Sources */ = {isa = PBXBuildFile; fileRef = 687AA2661DF2663B00B21740 /* ChartClient.swift */; };
		687AA2691DF2686F00B21740 /* ChartClientSource.swift in Sources */ = {isa = PBXBuildFile; fileRef = 687AA2681DF2686F00B21740 /* ChartClientSource.swift */; };
		687AA26B1DF268EA00B21740 /* BlockchainChartClient.swift in Sources */ = {isa = PBXBuildFile; fileRef = 687AA26A1DF268EA00B21740 /* BlockchainChartClient.swift */; };
		687AA2711DF35CB700B21740 /* ChartView.swift in Sources */ = {isa = PBXBuildFile; fileRef = 687AA2701DF35CB700B21740 /* ChartView.swift */; };
		687AA2751DF35ED200B21740 /* ChartViewController.swift in Sources */ = {isa = PBXBuildFile; fileRef = 687AA2741DF35ED200B21740 /* ChartViewController.swift */; };
		68AB56461DEFBDB5007A92B4 /* SplitControllerCustomization.swift in Sources */ = {isa = PBXBuildFile; fileRef = 68AB56451DEFBDB5007A92B4 /* SplitControllerCustomization.swift */; };
		68AB56481DEFC2EB007A92B4 /* BlockchainClient.swift in Sources */ = {isa = PBXBuildFile; fileRef = 68AB56471DEFC2EB007A92B4 /* BlockchainClient.swift */; };
		68AB564A1DF0590F007A92B4 /* PriceClientSource.swift in Sources */ = {isa = PBXBuildFile; fileRef = 68AB56491DF0590F007A92B4 /* PriceClientSource.swift */; };
		68B1FD0B1DEF812A00C2EE8A /* CoindeskClient.swift in Sources */ = {isa = PBXBuildFile; fileRef = 68B1FD0A1DEF812A00C2EE8A /* CoindeskClient.swift */; };
		68FE616D1DED4E2300E0E6DD /* AppDelegate.swift in Sources */ = {isa = PBXBuildFile; fileRef = 68FE616C1DED4E2300E0E6DD /* AppDelegate.swift */; };
		68FE616F1DED4E2300E0E6DD /* PriceViewController.swift in Sources */ = {isa = PBXBuildFile; fileRef = 68FE616E1DED4E2300E0E6DD /* PriceViewController.swift */; };
		68FE61721DED4E2300E0E6DD /* Main.storyboard in Resources */ = {isa = PBXBuildFile; fileRef = 68FE61701DED4E2300E0E6DD /* Main.storyboard */; };
		68FE61741DED4E2300E0E6DD /* Assets.xcassets in Resources */ = {isa = PBXBuildFile; fileRef = 68FE61731DED4E2300E0E6DD /* Assets.xcassets */; };
		68FE61771DED4E2300E0E6DD /* LaunchScreen.storyboard in Resources */ = {isa = PBXBuildFile; fileRef = 68FE61751DED4E2300E0E6DD /* LaunchScreen.storyboard */; };
		68FE617F1DEF4B4300E0E6DD /* Price.swift in Sources */ = {isa = PBXBuildFile; fileRef = 68FE617E1DEF4B4300E0E6DD /* Price.swift */; };
		68FE61811DEF4C5C00E0E6DD /* PriceClient.swift in Sources */ = {isa = PBXBuildFile; fileRef = 68FE61801DEF4C5C00E0E6DD /* PriceClient.swift */; };
/* End PBXBuildFile section */

/* Begin PBXFileReference section */
		6870F54E1DEF86A40095C34D /* CoinbaseClient.swift */ = {isa = PBXFileReference; fileEncoding = 4; lastKnownFileType = sourcecode.swift; path = CoinbaseClient.swift; sourceTree = "<group>"; };
		6870F5501DEFA5EE0095C34D /* PriceSourceTableViewController.swift */ = {isa = PBXFileReference; fileEncoding = 4; lastKnownFileType = sourcecode.swift; path = PriceSourceTableViewController.swift; sourceTree = "<group>"; };
		687AA2641DF2651700B21740 /* Chart.swift */ = {isa = PBXFileReference; fileEncoding = 4; lastKnownFileType = sourcecode.swift; path = Chart.swift; sourceTree = "<group>"; };
		687AA2661DF2663B00B21740 /* ChartClient.swift */ = {isa = PBXFileReference; fileEncoding = 4; lastKnownFileType = sourcecode.swift; path = ChartClient.swift; sourceTree = "<group>"; };
		687AA2681DF2686F00B21740 /* ChartClientSource.swift */ = {isa = PBXFileReference; fileEncoding = 4; lastKnownFileType = sourcecode.swift; path = ChartClientSource.swift; sourceTree = "<group>"; };
		687AA26A1DF268EA00B21740 /* BlockchainChartClient.swift */ = {isa = PBXFileReference; fileEncoding = 4; lastKnownFileType = sourcecode.swift; path = BlockchainChartClient.swift; sourceTree = "<group>"; };
		687AA2701DF35CB700B21740 /* ChartView.swift */ = {isa = PBXFileReference; fileEncoding = 4; lastKnownFileType = sourcecode.swift; path = ChartView.swift; sourceTree = "<group>"; };
		687AA2741DF35ED200B21740 /* ChartViewController.swift */ = {isa = PBXFileReference; fileEncoding = 4; lastKnownFileType = sourcecode.swift; path = ChartViewController.swift; sourceTree = "<group>"; };
		68AB56451DEFBDB5007A92B4 /* SplitControllerCustomization.swift */ = {isa = PBXFileReference; fileEncoding = 4; lastKnownFileType = sourcecode.swift; path = SplitControllerCustomization.swift; sourceTree = "<group>"; };
		68AB56471DEFC2EB007A92B4 /* BlockchainClient.swift */ = {isa = PBXFileReference; fileEncoding = 4; lastKnownFileType = sourcecode.swift; path = BlockchainClient.swift; sourceTree = "<group>"; };
		68AB56491DF0590F007A92B4 /* PriceClientSource.swift */ = {isa = PBXFileReference; fileEncoding = 4; lastKnownFileType = sourcecode.swift; path = PriceClientSource.swift; sourceTree = "<group>"; };
		68B1FD0A1DEF812A00C2EE8A /* CoindeskClient.swift */ = {isa = PBXFileReference; fileEncoding = 4; lastKnownFileType = sourcecode.swift; path = CoindeskClient.swift; sourceTree = "<group>"; };
		68FE61691DED4E2200E0E6DD /* bitcoin.app */ = {isa = PBXFileReference; explicitFileType = wrapper.application; includeInIndex = 0; path = bitcoin.app; sourceTree = BUILT_PRODUCTS_DIR; };
		68FE616C1DED4E2300E0E6DD /* AppDelegate.swift */ = {isa = PBXFileReference; lastKnownFileType = sourcecode.swift; path = AppDelegate.swift; sourceTree = "<group>"; };
		68FE616E1DED4E2300E0E6DD /* PriceViewController.swift */ = {isa = PBXFileReference; lastKnownFileType = sourcecode.swift; path = PriceViewController.swift; sourceTree = "<group>"; };
		68FE61711DED4E2300E0E6DD /* Base */ = {isa = PBXFileReference; lastKnownFileType = file.storyboard; name = Base; path = Base.lproj/Main.storyboard; sourceTree = "<group>"; };
		68FE61731DED4E2300E0E6DD /* Assets.xcassets */ = {isa = PBXFileReference; lastKnownFileType = folder.assetcatalog; name = Assets.xcassets; path = bitcoin/Assets.xcassets; sourceTree = "<group>"; };
		68FE61761DED4E2300E0E6DD /* Base */ = {isa = PBXFileReference; lastKnownFileType = file.storyboard; name = Base; path = Base.lproj/LaunchScreen.storyboard; sourceTree = "<group>"; };
		68FE61781DED4E2300E0E6DD /* Info.plist */ = {isa = PBXFileReference; lastKnownFileType = text.plist.xml; path = Info.plist; sourceTree = "<group>"; };
		68FE617E1DEF4B4300E0E6DD /* Price.swift */ = {isa = PBXFileReference; fileEncoding = 4; lastKnownFileType = sourcecode.swift; path = Price.swift; sourceTree = "<group>"; };
		68FE61801DEF4C5C00E0E6DD /* PriceClient.swift */ = {isa = PBXFileReference; fileEncoding = 4; lastKnownFileType = sourcecode.swift; path = PriceClient.swift; sourceTree = "<group>"; };
/* End PBXFileReference section */

/* Begin PBXFrameworksBuildPhase section */
		68FE61661DED4E2200E0E6DD /* Frameworks */ = {
			isa = PBXFrameworksBuildPhase;
			buildActionMask = 2147483647;
			files = (
			);
			runOnlyForDeploymentPostprocessing = 0;
		};
/* End PBXFrameworksBuildPhase section */

/* Begin PBXGroup section */
		6870F54D1DEF84E90095C34D /* Price Clients */ = {
			isa = PBXGroup;
			children = (
				68B1FD0A1DEF812A00C2EE8A /* CoindeskClient.swift */,
				68AB56471DEFC2EB007A92B4 /* BlockchainClient.swift */,
				6870F54E1DEF86A40095C34D /* CoinbaseClient.swift */,
			);
			name = "Price Clients";
			sourceTree = "<group>";
		};
		687AA26C1DF268F100B21740 /* Chart Clients */ = {
			isa = PBXGroup;
			children = (
				687AA26A1DF268EA00B21740 /* BlockchainChartClient.swift */,
			);
			name = "Chart Clients";
			sourceTree = "<group>";
		};
		687AA26D1DF2706B00B21740 /* Clients */ = {
			isa = PBXGroup;
			children = (
				687AA26C1DF268F100B21740 /* Chart Clients */,
				6870F54D1DEF84E90095C34D /* Price Clients */,
				68FE61801DEF4C5C00E0E6DD /* PriceClient.swift */,
				687AA2661DF2663B00B21740 /* ChartClient.swift */,
				687AA2681DF2686F00B21740 /* ChartClientSource.swift */,
				68AB56491DF0590F007A92B4 /* PriceClientSource.swift */,
			);
			name = Clients;
			sourceTree = "<group>";
		};
		687AA2721DF35CBB00B21740 /* Views */ = {
			isa = PBXGroup;
			children = (
				687AA2701DF35CB700B21740 /* ChartView.swift */,
			);
			name = Views;
			sourceTree = "<group>";
		};
		687AA2731DF35D6000B21740 /* Storyboard */ = {
			isa = PBXGroup;
			children = (
				68FE61701DED4E2300E0E6DD /* Main.storyboard */,
				68FE61751DED4E2300E0E6DD /* LaunchScreen.storyboard */,
			);
			name = Storyboard;
			sourceTree = "<group>";
		};
		68AB564B1DF068A9007A92B4 /* View Controllers */ = {
			isa = PBXGroup;
			children = (
				6870F5501DEFA5EE0095C34D /* PriceSourceTableViewController.swift */,
				687AA2741DF35ED200B21740 /* ChartViewController.swift */,
				68AB56451DEFBDB5007A92B4 /* SplitControllerCustomization.swift */,
				68FE616E1DED4E2300E0E6DD /* PriceViewController.swift */,
			);
			name = "View Controllers";
			sourceTree = "<group>";
		};
		68AB564C1DF068C6007A92B4 /* State */ = {
			isa = PBXGroup;
			children = (
				68FE617E1DEF4B4300E0E6DD /* Price.swift */,
				687AA2641DF2651700B21740 /* Chart.swift */,
				687AA26D1DF2706B00B21740 /* Clients */,
			);
			name = State;
			sourceTree = "<group>";
		};
		68FE61601DED4E2200E0E6DD = {
			isa = PBXGroup;
			children = (
				68FE616B1DED4E2200E0E6DD /* bitcoin */,
				68FE61731DED4E2300E0E6DD /* Assets.xcassets */,
				68FE616A1DED4E2200E0E6DD /* Products */,
			);
			sourceTree = "<group>";
		};
		68FE616A1DED4E2200E0E6DD /* Products */ = {
			isa = PBXGroup;
			children = (
				68FE61691DED4E2200E0E6DD /* bitcoin.app */,
			);
			name = Products;
			sourceTree = "<group>";
		};
		68FE616B1DED4E2200E0E6DD /* bitcoin */ = {
			isa = PBXGroup;
			children = (
				687AA2731DF35D6000B21740 /* Storyboard */,
				68AB564B1DF068A9007A92B4 /* View Controllers */,
				687AA2721DF35CBB00B21740 /* Views */,
				68AB564C1DF068C6007A92B4 /* State */,
				68FE616C1DED4E2300E0E6DD /* AppDelegate.swift */,
				68FE61781DED4E2300E0E6DD /* Info.plist */,
			);
			path = bitcoin;
			sourceTree = "<group>";
		};
/* End PBXGroup section */

/* Begin PBXNativeTarget section */
		68FE61681DED4E2200E0E6DD /* bitcoin */ = {
			isa = PBXNativeTarget;
			buildConfigurationList = 68FE617B1DED4E2300E0E6DD /* Build configuration list for PBXNativeTarget "bitcoin" */;
			buildPhases = (
				68FE61651DED4E2200E0E6DD /* Sources */,
				68FE61661DED4E2200E0E6DD /* Frameworks */,
				68FE61671DED4E2200E0E6DD /* Resources */,
			);
			buildRules = (
			);
			dependencies = (
			);
			name = bitcoin;
			productName = bitcoin;
			productReference = 68FE61691DED4E2200E0E6DD /* bitcoin.app */;
			productType = "com.apple.product-type.application";
		};
/* End PBXNativeTarget section */

/* Begin PBXProject section */
		68FE61611DED4E2200E0E6DD /* Project object */ = {
			isa = PBXProject;
			attributes = {
				LastSwiftUpdateCheck = 0810;
				LastUpgradeCheck = 0900;
				ORGANIZATIONNAME = "Joel Klabo";
				TargetAttributes = {
					68FE61681DED4E2200E0E6DD = {
						CreatedOnToolsVersion = 8.1;
						DevelopmentTeam = 8X78R6JQ6Y;
						LastSwiftMigration = 0900;
						ProvisioningStyle = Automatic;
					};
				};
			};
			buildConfigurationList = 68FE61641DED4E2200E0E6DD /* Build configuration list for PBXProject "bitcoin" */;
			compatibilityVersion = "Xcode 3.2";
			developmentRegion = English;
			hasScannedForEncodings = 0;
			knownRegions = (
				en,
				Base,
			);
			mainGroup = 68FE61601DED4E2200E0E6DD;
			productRefGroup = 68FE616A1DED4E2200E0E6DD /* Products */;
			projectDirPath = "";
			projectRoot = "";
			targets = (
				68FE61681DED4E2200E0E6DD /* bitcoin */,
			);
		};
/* End PBXProject section */

/* Begin PBXResourcesBuildPhase section */
		68FE61671DED4E2200E0E6DD /* Resources */ = {
			isa = PBXResourcesBuildPhase;
			buildActionMask = 2147483647;
			files = (
				68FE61771DED4E2300E0E6DD /* LaunchScreen.storyboard in Resources */,
				68FE61741DED4E2300E0E6DD /* Assets.xcassets in Resources */,
				68FE61721DED4E2300E0E6DD /* Main.storyboard in Resources */,
			);
			runOnlyForDeploymentPostprocessing = 0;
		};
/* End PBXResourcesBuildPhase section */

/* Begin PBXSourcesBuildPhase section */
		68FE61651DED4E2200E0E6DD /* Sources */ = {
			isa = PBXSourcesBuildPhase;
			buildActionMask = 2147483647;
			files = (
				68AB56481DEFC2EB007A92B4 /* BlockchainClient.swift in Sources */,
				687AA2671DF2663B00B21740 /* ChartClient.swift in Sources */,
				68B1FD0B1DEF812A00C2EE8A /* CoindeskClient.swift in Sources */,
				68FE616F1DED4E2300E0E6DD /* PriceViewController.swift in Sources */,
				687AA2651DF2651700B21740 /* Chart.swift in Sources */,
				687AA2751DF35ED200B21740 /* ChartViewController.swift in Sources */,
				687AA26B1DF268EA00B21740 /* BlockchainChartClient.swift in Sources */,
				68FE616D1DED4E2300E0E6DD /* AppDelegate.swift in Sources */,
				68FE61811DEF4C5C00E0E6DD /* PriceClient.swift in Sources */,
				687AA2711DF35CB700B21740 /* ChartView.swift in Sources */,
				6870F54F1DEF86A40095C34D /* CoinbaseClient.swift in Sources */,
				6870F5511DEFA5EE0095C34D /* PriceSourceTableViewController.swift in Sources */,
				68AB56461DEFBDB5007A92B4 /* SplitControllerCustomization.swift in Sources */,
				68FE617F1DEF4B4300E0E6DD /* Price.swift in Sources */,
				687AA2691DF2686F00B21740 /* ChartClientSource.swift in Sources */,
				68AB564A1DF0590F007A92B4 /* PriceClientSource.swift in Sources */,
			);
			runOnlyForDeploymentPostprocessing = 0;
		};
/* End PBXSourcesBuildPhase section */

/* Begin PBXVariantGroup section */
		68FE61701DED4E2300E0E6DD /* Main.storyboard */ = {
			isa = PBXVariantGroup;
			children = (
				68FE61711DED4E2300E0E6DD /* Base */,
			);
			name = Main.storyboard;
			sourceTree = "<group>";
		};
		68FE61751DED4E2300E0E6DD /* LaunchScreen.storyboard */ = {
			isa = PBXVariantGroup;
			children = (
				68FE61761DED4E2300E0E6DD /* Base */,
			);
			name = LaunchScreen.storyboard;
			sourceTree = "<group>";
		};
/* End PBXVariantGroup section */

/* Begin XCBuildConfiguration section */
		68FE61791DED4E2300E0E6DD /* Debug */ = {
			isa = XCBuildConfiguration;
			buildSettings = {
				ALWAYS_SEARCH_USER_PATHS = NO;
				CLANG_ANALYZER_NONNULL = YES;
				CLANG_CXX_LANGUAGE_STANDARD = "gnu++0x";
				CLANG_CXX_LIBRARY = "libc++";
				CLANG_ENABLE_MODULES = YES;
				CLANG_ENABLE_OBJC_ARC = YES;
				CLANG_WARN_BLOCK_CAPTURE_AUTORELEASING = YES;
				CLANG_WARN_BOOL_CONVERSION = YES;
				CLANG_WARN_COMMA = YES;
				CLANG_WARN_CONSTANT_CONVERSION = YES;
				CLANG_WARN_DIRECT_OBJC_ISA_USAGE = YES_ERROR;
				CLANG_WARN_DOCUMENTATION_COMMENTS = YES;
				CLANG_WARN_EMPTY_BODY = YES;
				CLANG_WARN_ENUM_CONVERSION = YES;
				CLANG_WARN_INFINITE_RECURSION = YES;
				CLANG_WARN_INT_CONVERSION = YES;
				CLANG_WARN_NON_LITERAL_NULL_CONVERSION = YES;
				CLANG_WARN_OBJC_LITERAL_CONVERSION = YES;
				CLANG_WARN_OBJC_ROOT_CLASS = YES_ERROR;
				CLANG_WARN_RANGE_LOOP_ANALYSIS = YES;
				CLANG_WARN_STRICT_PROTOTYPES = YES;
				CLANG_WARN_SUSPICIOUS_MOVE = YES;
				CLANG_WARN_SUSPICIOUS_MOVES = YES;
				CLANG_WARN_UNREACHABLE_CODE = YES;
				CLANG_WARN__DUPLICATE_METHOD_MATCH = YES;
				"CODE_SIGN_IDENTITY[sdk=iphoneos*]" = "iPhone Developer";
				COPY_PHASE_STRIP = NO;
				DEBUG_INFORMATION_FORMAT = dwarf;
				ENABLE_STRICT_OBJC_MSGSEND = YES;
				ENABLE_TESTABILITY = YES;
				GCC_C_LANGUAGE_STANDARD = gnu99;
				GCC_DYNAMIC_NO_PIC = NO;
				GCC_NO_COMMON_BLOCKS = YES;
				GCC_OPTIMIZATION_LEVEL = 0;
				GCC_PREPROCESSOR_DEFINITIONS = (
					"DEBUG=1",
					"$(inherited)",
				);
				GCC_WARN_64_TO_32_BIT_CONVERSION = YES;
				GCC_WARN_ABOUT_RETURN_TYPE = YES_ERROR;
				GCC_WARN_UNDECLARED_SELECTOR = YES;
				GCC_WARN_UNINITIALIZED_AUTOS = YES_AGGRESSIVE;
				GCC_WARN_UNUSED_FUNCTION = YES;
				GCC_WARN_UNUSED_VARIABLE = YES;
				IPHONEOS_DEPLOYMENT_TARGET = 10.1;
				MTL_ENABLE_DEBUG_INFO = YES;
				ONLY_ACTIVE_ARCH = YES;
				SDKROOT = iphoneos;
				SWIFT_ACTIVE_COMPILATION_CONDITIONS = DEBUG;
				SWIFT_OPTIMIZATION_LEVEL = "-Onone";
				TARGETED_DEVICE_FAMILY = "1,2";
			};
			name = Debug;
		};
		68FE617A1DED4E2300E0E6DD /* Release */ = {
			isa = XCBuildConfiguration;
			buildSettings = {
				ALWAYS_SEARCH_USER_PATHS = NO;
				CLANG_ANALYZER_NONNULL = YES;
				CLANG_CXX_LANGUAGE_STANDARD = "gnu++0x";
				CLANG_CXX_LIBRARY = "libc++";
				CLANG_ENABLE_MODULES = YES;
				CLANG_ENABLE_OBJC_ARC = YES;
				CLANG_WARN_BLOCK_CAPTURE_AUTORELEASING = YES;
				CLANG_WARN_BOOL_CONVERSION = YES;
				CLANG_WARN_COMMA = YES;
				CLANG_WARN_CONSTANT_CONVERSION = YES;
				CLANG_WARN_DIRECT_OBJC_ISA_USAGE = YES_ERROR;
				CLANG_WARN_DOCUMENTATION_COMMENTS = YES;
				CLANG_WARN_EMPTY_BODY = YES;
				CLANG_WARN_ENUM_CONVERSION = YES;
				CLANG_WARN_INFINITE_RECURSION = YES;
				CLANG_WARN_INT_CONVERSION = YES;
				CLANG_WARN_NON_LITERAL_NULL_CONVERSION = YES;
				CLANG_WARN_OBJC_LITERAL_CONVERSION = YES;
				CLANG_WARN_OBJC_ROOT_CLASS = YES_ERROR;
				CLANG_WARN_RANGE_LOOP_ANALYSIS = YES;
				CLANG_WARN_STRICT_PROTOTYPES = YES;
				CLANG_WARN_SUSPICIOUS_MOVE = YES;
				CLANG_WARN_SUSPICIOUS_MOVES = YES;
				CLANG_WARN_UNREACHABLE_CODE = YES;
				CLANG_WARN__DUPLICATE_METHOD_MATCH = YES;
				"CODE_SIGN_IDENTITY[sdk=iphoneos*]" = "iPhone Developer";
				COPY_PHASE_STRIP = NO;
				DEBUG_INFORMATION_FORMAT = "dwarf-with-dsym";
				ENABLE_NS_ASSERTIONS = NO;
				ENABLE_STRICT_OBJC_MSGSEND = YES;
				GCC_C_LANGUAGE_STANDARD = gnu99;
				GCC_NO_COMMON_BLOCKS = YES;
				GCC_WARN_64_TO_32_BIT_CONVERSION = YES;
				GCC_WARN_ABOUT_RETURN_TYPE = YES_ERROR;
				GCC_WARN_UNDECLARED_SELECTOR = YES;
				GCC_WARN_UNINITIALIZED_AUTOS = YES_AGGRESSIVE;
				GCC_WARN_UNUSED_FUNCTION = YES;
				GCC_WARN_UNUSED_VARIABLE = YES;
				IPHONEOS_DEPLOYMENT_TARGET = 10.1;
				MTL_ENABLE_DEBUG_INFO = NO;
				SDKROOT = iphoneos;
				SWIFT_OPTIMIZATION_LEVEL = "-Owholemodule";
				TARGETED_DEVICE_FAMILY = "1,2";
				VALIDATE_PRODUCT = YES;
			};
			name = Release;
		};
		68FE617C1DED4E2300E0E6DD /* Debug */ = {
			isa = XCBuildConfiguration;
			buildSettings = {
				ASSETCATALOG_COMPILER_APPICON_NAME = AppIcon;
				DEVELOPMENT_TEAM = 8X78R6JQ6Y;
				INFOPLIST_FILE = bitcoin/Info.plist;
				LD_RUNPATH_SEARCH_PATHS = "$(inherited) @executable_path/Frameworks";
				PRODUCT_BUNDLE_IDENTIFIER = com.joelklabo.bitcoin;
				PRODUCT_NAME = "$(TARGET_NAME)";
				SWIFT_SWIFT3_OBJC_INFERENCE = Off;
				SWIFT_VERSION = 4.0;
			};
			name = Debug;
		};
		68FE617D1DED4E2300E0E6DD /* Release */ = {
			isa = XCBuildConfiguration;
			buildSettings = {
				ASSETCATALOG_COMPILER_APPICON_NAME = AppIcon;
				DEVELOPMENT_TEAM = 8X78R6JQ6Y;
				INFOPLIST_FILE = bitcoin/Info.plist;
				LD_RUNPATH_SEARCH_PATHS = "$(inherited) @executable_path/Frameworks";
				PRODUCT_BUNDLE_IDENTIFIER = com.joelklabo.bitcoin;
				PRODUCT_NAME = "$(TARGET_NAME)";
				SWIFT_SWIFT3_OBJC_INFERENCE = Off;
				SWIFT_VERSION = 4.0;
			};
			name = Release;
		};
/* End XCBuildConfiguration section */

/* Begin XCConfigurationList section */
		68FE61641DED4E2200E0E6DD /* Build configuration list for PBXProject "bitcoin" */ = {
			isa = XCConfigurationList;
			buildConfigurations = (
				68FE61791DED4E2300E0E6DD /* Debug */,
				68FE617A1DED4E2300E0E6DD /* Release */,
			);
			defaultConfigurationIsVisible = 0;
			defaultConfigurationName = Release;
		};
		68FE617B1DED4E2300E0E6DD /* Build configuration list for PBXNativeTarget "bitcoin" */ = {
			isa = XCConfigurationList;
			buildConfigurations = (
				68FE617C1DED4E2300E0E6DD /* Debug */,
				68FE617D1DED4E2300E0E6DD /* Release */,
			);
			defaultConfigurationIsVisible = 0;
			defaultConfigurationName = Release;
		};
/* End XCConfigurationList section */
	};
	rootObject = 68FE61611DED4E2200E0E6DD /* Project object */;
}
